
Microsoft Visual Studio Solution File, Format Version 12.00
# Visual Studio Version 17
VisualStudioVersion = 17.0.31919.166
MinimumVisualStudioVersion = 10.0.40219.1
Project("{FAE04EC0-301F-11D3-BF4B-00C04F79EFBC}") = "MyGitHub_ConsoleApp", "MyGitHub_ConsoleApp\MyGitHub_ConsoleApp.csproj", "{C9CD7D67-7FD5-44BA-8DA1-F1B4E346B58D}"
EndProject
Global
	GlobalSection(SolutionConfigurationPlatforms) = preSolution
		Debug|Any CPU = Debug|Any CPU
		Release|Any CPU = Release|Any CPU
	EndGlobalSection
	GlobalSection(ProjectConfigurationPlatforms) = postSolution
		{C9CD7D67-7FD5-44BA-8DA1-F1B4E346B58D}.Debug|Any CPU.ActiveCfg = Debug|Any CPU
		{C9CD7D67-7FD5-44BA-8DA1-F1B4E346B58D}.Debug|Any CPU.Build.0 = Debug|Any CPU
		{C9CD7D67-7FD5-44BA-8DA1-F1B4E346B58D}.Release|Any CPU.ActiveCfg = Release|Any CPU
		{C9CD7D67-7FD5-44BA-8DA1-F1B4E346B58D}.Release|Any CPU.Build.0 = Release|Any CPU
	EndGlobalSection
	GlobalSection(SolutionProperties) = preSolution
		HideSolutionNode = FALSE
	EndGlobalSection
	GlobalSection(ExtensibilityGlobals) = postSolution
		SolutionGuid = {87B35694-2C72-4477-9A28-79FF525FDE0F}
	EndGlobalSection
EndGlobal
